
Microsoft Visual Studio Solution File, Format Version 12.00
# Visual Studio Version 17
VisualStudioVersion = 17.5.33530.505
MinimumVisualStudioVersion = 10.0.40219.1
Project("{FAE04EC0-301F-11D3-BF4B-00C04F79EFBC}") = "Eventos", "Eventos\Eventos.csproj", "{4CA1D383-71B2-4449-8E83-3ECC588584B6}"
EndProject
Global
	GlobalSection(SolutionConfigurationPlatforms) = preSolution
		Debug|Any CPU = Debug|Any CPU
		Release|Any CPU = Release|Any CPU
	EndGlobalSection
	GlobalSection(ProjectConfigurationPlatforms) = postSolution
		{4CA1D383-71B2-4449-8E83-3ECC588584B6}.Debug|Any CPU.ActiveCfg = Debug|Any CPU
		{4CA1D383-71B2-4449-8E83-3ECC588584B6}.Debug|Any CPU.Build.0 = Debug|Any CPU
		{4CA1D383-71B2-4449-8E83-3ECC588584B6}.Release|Any CPU.ActiveCfg = Release|Any CPU
		{4CA1D383-71B2-4449-8E83-3ECC588584B6}.Release|Any CPU.Build.0 = Release|Any CPU
	EndGlobalSection
	GlobalSection(SolutionProperties) = preSolution
		HideSolutionNode = FALSE
	EndGlobalSection
	GlobalSection(ExtensibilityGlobals) = postSolution
		SolutionGuid = {A27CFE59-EC7A-4FC2-A3BA-980721B9E3B9}
	EndGlobalSection
EndGlobal
