
Microsoft Visual Studio Solution File, Format Version 12.00
# Visual Studio Version 17
VisualStudioVersion = 17.5.33530.505
MinimumVisualStudioVersion = 10.0.40219.1
Project("{FAE04EC0-301F-11D3-BF4B-00C04F79EFBC}") = "ThreadI", "ThreadI\ThreadI.csproj", "{6166E446-E965-4CD5-B228-A2380EB9B810}"
EndProject
Global
	GlobalSection(SolutionConfigurationPlatforms) = preSolution
		Debug|Any CPU = Debug|Any CPU
		Release|Any CPU = Release|Any CPU
	EndGlobalSection
	GlobalSection(ProjectConfigurationPlatforms) = postSolution
		{6166E446-E965-4CD5-B228-A2380EB9B810}.Debug|Any CPU.ActiveCfg = Debug|Any CPU
		{6166E446-E965-4CD5-B228-A2380EB9B810}.Debug|Any CPU.Build.0 = Debug|Any CPU
		{6166E446-E965-4CD5-B228-A2380EB9B810}.Release|Any CPU.ActiveCfg = Release|Any CPU
		{6166E446-E965-4CD5-B228-A2380EB9B810}.Release|Any CPU.Build.0 = Release|Any CPU
	EndGlobalSection
	GlobalSection(SolutionProperties) = preSolution
		HideSolutionNode = FALSE
	EndGlobalSection
	GlobalSection(ExtensibilityGlobals) = postSolution
		SolutionGuid = {C0B32849-7CB2-4CC4-A670-57377F93FD18}
	EndGlobalSection
EndGlobal
